Microsoft Visual Studio Solution File, Format Version 12.00
# Visual Studio Version 17
VisualStudioVersion = 17.14.36408.4 d17.14
MinimumVisualStudioVersion = 10.0.40219.1
Project("{F2A71F9B-5D33-465A-A702-920D77279786}") = "WebSharper.WebSpeech", "WebSharper.WebSpeech\WebSharper.WebSpeech.fsproj", "{81D89D09-3DB8-473E-A44C-455167D21584}"
EndProject
Project("{F2A71F9B-5D33-465A-A702-920D77279786}") = "WebSharper.WebSpeech.Sample", "WebSharper.WebSpeech.Sample\WebSharper.WebSpeech.Sample.fsproj", "{A02FDFDE-E4B8-4C13-BD04-F1730AC9CB21}"
EndProject
Global
	GlobalSection(SolutionConfigurationPlatforms) = preSolution
		Debug|Any CPU = Debug|Any CPU
		Debug|x64 = Debug|x64
		Debug|x86 = Debug|x86
		Release|Any CPU = Release|Any CPU
		Release|x64 = Release|x64
		Release|x86 = Release|x86
	EndGlobalSection
	GlobalSection(ProjectConfigurationPlatforms) = postSolution
		{81D89D09-3DB8-473E-A44C-455167D21584}.Debug|Any CPU.ActiveCfg = Debug|Any CPU
		{81D89D09-3DB8-473E-A44C-455167D21584}.Debug|Any CPU.Build.0 = Debug|Any CPU
		{81D89D09-3DB8-473E-A44C-455167D21584}.Debug|x64.ActiveCfg = Debug|x64
		{81D89D09-3DB8-473E-A44C-455167D21584}.Debug|x64.Build.0 = Debug|x64
		{81D89D09-3DB8-473E-A44C-455167D21584}.Debug|x86.ActiveCfg = Debug|x86
		{81D89D09-3DB8-473E-A44C-455167D21584}.Debug|x86.Build.0 = Debug|x86
		{81D89D09-3DB8-473E-A44C-455167D21584}.Release|Any CPU.ActiveCfg = Release|Any CPU
		{81D89D09-3DB8-473E-A44C-455167D21584}.Release|Any CPU.Build.0 = Release|Any CPU
		{81D89D09-3DB8-473E-A44C-455167D21584}.Release|x64.ActiveCfg = Release|x64
		{81D89D09-3DB8-473E-A44C-455167D21584}.Release|x64.Build.0 = Release|x64
		{81D89D09-3DB8-473E-A44C-455167D21584}.Release|x86.ActiveCfg = Release|x86
		{81D89D09-3DB8-473E-A44C-455167D21584}.Release|x86.Build.0 = Release|x86
		{A02FDFDE-E4B8-4C13-BD04-F1730AC9CB21}.Debug|Any CPU.ActiveCfg = Debug|Any CPU
		{A02FDFDE-E4B8-4C13-BD04-F1730AC9CB21}.Debug|Any CPU.Build.0 = Debug|Any CPU
		{A02FDFDE-E4B8-4C13-BD04-F1730AC9CB21}.Debug|x64.ActiveCfg = Debug|Any CPU
		{A02FDFDE-E4B8-4C13-BD04-F1730AC9CB21}.Debug|x64.Build.0 = Debug|Any CPU
		{A02FDFDE-E4B8-4C13-BD04-F1730AC9CB21}.Debug|x86.ActiveCfg = Debug|Any CPU
		{A02FDFDE-E4B8-4C13-BD04-F1730AC9CB21}.Debug|x86.Build.0 = Debug|Any CPU
		{A02FDFDE-E4B8-4C13-BD04-F1730AC9CB21}.Release|Any CPU.ActiveCfg = Release|Any CPU
		{A02FDFDE-E4B8-4C13-BD04-F1730AC9CB21}.Release|Any CPU.Build.0 = Release|Any CPU
		{A02FDFDE-E4B8-4C13-BD04-F1730AC9CB21}.Release|x64.ActiveCfg = Release|Any CPU
		{A02FDFDE-E4B8-4C13-BD04-F1730AC9CB21}.Release|x64.Build.0 = Release|Any CPU
		{A02FDFDE-E4B8-4C13-BD04-F1730AC9CB21}.Release|x86.ActiveCfg = Release|Any CPU
		{A02FDFDE-E4B8-4C13-BD04-F1730AC9CB21}.Release|x86.Build.0 = Release|Any CPU
	EndGlobalSection
	GlobalSection(SolutionProperties) = preSolution
		HideSolutionNode = FALSE
	EndGlobalSection
	GlobalSection(ExtensibilityGlobals) = postSolution
		SolutionGuid = {56AE8C36-D47E-4D81-9813-324997FBD5D4}
	EndGlobalSection
EndGlobal
