
Microsoft Visual Studio Solution File, Format Version 12.00
# Visual Studio 2013
VisualStudioVersion = 12.0.21005.1
MinimumVisualStudioVersion = 10.0.40219.1
Project("{F2A71F9B-5D33-465A-A702-920D77279786}") = "WebSharper.WebSpeech", "WebSharper.WebSpeech\WebSharper.WebSpeech.fsproj", "{81D89D09-3DB8-473E-A44C-455167D21584}"
EndProject
Project("{F2A71F9B-5D33-465A-A702-920D77279786}") = "WebSharper.WebSpeech.Sample", "WebSharper.WebSpeech.Sample\WebSharper.WebSpeech.Sample.fsproj", "{C7F111BE-C67E-4B8E-8DC0-4284B6D8CEA7}"
EndProject
Global
	GlobalSection(SolutionProperties) = preSolution
		HideSolutionNode = FALSE
	EndGlobalSection
	GlobalSection(SolutionConfigurationPlatforms) = preSolution
		Debug|Any CPU = Debug|Any CPU
		Debug|x64 = Debug|x64
		Debug|x86 = Debug|x86
		Release|Any CPU = Release|Any CPU
		Release|x64 = Release|x64
		Release|x86 = Release|x86
	EndGlobalSection
	GlobalSection(ProjectConfigurationPlatforms) = postSolution
		{81D89D09-3DB8-473E-A44C-455167D21584}.Debug|Any CPU.ActiveCfg = Debug|Any CPU
		{81D89D09-3DB8-473E-A44C-455167D21584}.Debug|Any CPU.Build.0 = Debug|Any CPU
		{81D89D09-3DB8-473E-A44C-455167D21584}.Debug|x64.ActiveCfg = Debug|x64
		{81D89D09-3DB8-473E-A44C-455167D21584}.Debug|x64.Build.0 = Debug|x64
		{81D89D09-3DB8-473E-A44C-455167D21584}.Debug|x86.ActiveCfg = Debug|x86
		{81D89D09-3DB8-473E-A44C-455167D21584}.Debug|x86.Build.0 = Debug|x86
		{81D89D09-3DB8-473E-A44C-455167D21584}.Release|Any CPU.ActiveCfg = Release|Any CPU
		{81D89D09-3DB8-473E-A44C-455167D21584}.Release|Any CPU.Build.0 = Release|Any CPU
		{81D89D09-3DB8-473E-A44C-455167D21584}.Release|x64.ActiveCfg = Release|x64
		{81D89D09-3DB8-473E-A44C-455167D21584}.Release|x64.Build.0 = Release|x64
		{81D89D09-3DB8-473E-A44C-455167D21584}.Release|x86.ActiveCfg = Release|x86
		{81D89D09-3DB8-473E-A44C-455167D21584}.Release|x86.Build.0 = Release|x86
		{C7F111BE-C67E-4B8E-8DC0-4284B6D8CEA7}.Debug|Any CPU.ActiveCfg = Debug|Any CPU
		{C7F111BE-C67E-4B8E-8DC0-4284B6D8CEA7}.Debug|Any CPU.Build.0 = Debug|Any CPU
		{C7F111BE-C67E-4B8E-8DC0-4284B6D8CEA7}.Debug|x64.ActiveCfg = Debug|Any CPU
		{C7F111BE-C67E-4B8E-8DC0-4284B6D8CEA7}.Debug|x64.Build.0 = Debug|Any CPU
		{C7F111BE-C67E-4B8E-8DC0-4284B6D8CEA7}.Debug|x86.ActiveCfg = Debug|Any CPU
		{C7F111BE-C67E-4B8E-8DC0-4284B6D8CEA7}.Debug|x86.Build.0 = Debug|Any CPU
		{C7F111BE-C67E-4B8E-8DC0-4284B6D8CEA7}.Release|Any CPU.ActiveCfg = Release|Any CPU
		{C7F111BE-C67E-4B8E-8DC0-4284B6D8CEA7}.Release|Any CPU.Build.0 = Release|Any CPU
		{C7F111BE-C67E-4B8E-8DC0-4284B6D8CEA7}.Release|x64.ActiveCfg = Release|Any CPU
		{C7F111BE-C67E-4B8E-8DC0-4284B6D8CEA7}.Release|x64.Build.0 = Release|Any CPU
		{C7F111BE-C67E-4B8E-8DC0-4284B6D8CEA7}.Release|x86.ActiveCfg = Release|Any CPU
		{C7F111BE-C67E-4B8E-8DC0-4284B6D8CEA7}.Release|x86.Build.0 = Release|Any CPU
	EndGlobalSection
EndGlobal
